PODS:
  - React (0.54.2):
    - React/Core (= 0.54.2)
  - react-native-maps (0.21.0):
    - React
  - React/Core (0.54.2):
    - yoga (= 0.54.2.React)
  - React/fishhook (0.54.2)
  - React/RCTActionSheet (0.54.2):
    - React/Core
  - React/RCTAnimation (0.54.2):
    - React/Core
  - React/RCTBlob (0.54.2):
    - React/Core
  - React/RCTGeolocation (0.54.2):
    - React/Core
  - React/RCTImage (0.54.2):
    - React/Core
    - React/RCTNetwork
  - React/RCTLinkingIOS (0.54.2):
    - React/Core
  - React/RCTNetwork (0.54.2):
    - React/Core
  - React/RCTSettings (0.54.2):
    - React/Core
  - React/RCTText (0.54.2):
    - React/Core
  - React/RCTVibration (0.54.2):
    - React/Core
  - React/RCTWebSocket (0.54.2):
    - React/Core
    - React/fishhook
    - React/RCTBlob
  - RNDeviceInfo (0.21.5):
    - React
  - yoga (0.54.2.React)

DEPENDENCIES:
  - react-native-maps (from `../node_modules/react-native-maps`)
  - React/Core (from `../node_modules/react-native`)
  - React/RCTActionSheet (from `../node_modules/react-native`)
  - React/RCTAnimation (from `../node_modules/react-native`)
  - React/RCTGeolocation (from `../node_modules/react-native`)
  - React/RCTImage (from `../node_modules/react-native`)
  - React/RCTLinkingIOS (from `../node_modules/react-native`)
  - React/RCTNetwork (from `../node_modules/react-native`)
  - React/RCTSettings (from `../node_modules/react-native`)
  - React/RCTText (from `../node_modules/react-native`)
  - React/RCTVibration (from `../node_modules/react-native`)
  - React/RCTWebSocket (from `../node_modules/react-native`)
  - RNDeviceInfo (from `../node_modules/react-native-device-info`)
  - yoga (from `../node_modules/react-native/ReactCommon/yoga/yoga.podspec`)

EXTERNAL SOURCES:
  React:
    :path: "../node_modules/react-native"
  react-native-maps:
    :path: "../node_modules/react-native-maps"
  RNDeviceInfo:
    :path: "../node_modules/react-native-device-info"
  yoga:
    :path: "../node_modules/react-native/ReactCommon/yoga/yoga.podspec"

SPEC CHECKSUMS:
  React: c237e42de9c70e5cac6eeb52b4cfd3a0910c1f00
  react-native-maps: 066c2afcc89e18726377bcc685315f989ca22449
  RNDeviceInfo: 568c5641057313b4912d08a7742ff0b2f753ed5c
  yoga: 55da126afc384965b96bff46652464373b330add

PODFILE CHECKSUM: 21e9c8a0925aa70e7a1e77f7f8a1b795f1308d87

COCOAPODS: 1.5.0
